
Microsoft Visual Studio Solution File, Format Version 12.00
# Visual Studio Version 17
VisualStudioVersion = 17.5.33530.505
MinimumVisualStudioVersion = 10.0.40219.1
Project("{FAE04EC0-301F-11D3-BF4B-00C04F79EFBC}") = "APItest", "APItest\APItest.csproj", "{1E287511-3341-4C2C-85EA-286C2FFC7A76}"
EndProject
Project("{FAE04EC0-301F-11D3-BF4B-00C04F79EFBC}") = "DAL", "DAL\DAL.csproj", "{93B453B8-1256-40C4-9FCC-DEFE75520D6F}"
EndProject
Global
	GlobalSection(SolutionConfigurationPlatforms) = preSolution
		Debug|Any CPU = Debug|Any CPU
		Release|Any CPU = Release|Any CPU
	EndGlobalSection
	GlobalSection(ProjectConfigurationPlatforms) = postSolution
		{1E287511-3341-4C2C-85EA-286C2FFC7A76}.Debug|Any CPU.ActiveCfg = Debug|Any CPU
		{1E287511-3341-4C2C-85EA-286C2FFC7A76}.Debug|Any CPU.Build.0 = Debug|Any CPU
		{1E287511-3341-4C2C-85EA-286C2FFC7A76}.Release|Any CPU.ActiveCfg = Release|Any CPU
		{1E287511-3341-4C2C-85EA-286C2FFC7A76}.Release|Any CPU.Build.0 = Release|Any CPU
		{93B453B8-1256-40C4-9FCC-DEFE75520D6F}.Debug|Any CPU.ActiveCfg = Debug|Any CPU
		{93B453B8-1256-40C4-9FCC-DEFE75520D6F}.Debug|Any CPU.Build.0 = Debug|Any CPU
		{93B453B8-1256-40C4-9FCC-DEFE75520D6F}.Release|Any CPU.ActiveCfg = Release|Any CPU
		{93B453B8-1256-40C4-9FCC-DEFE75520D6F}.Release|Any CPU.Build.0 = Release|Any CPU
	EndGlobalSection
	GlobalSection(SolutionProperties) = preSolution
		HideSolutionNode = FALSE
	EndGlobalSection
	GlobalSection(ExtensibilityGlobals) = postSolution
		SolutionGuid = {EB416B31-8548-44A5-873F-EBD8DD4D2442}
	EndGlobalSection
EndGlobal
